schema: '2.0'
stages:
  make_dataset:
    cmd: python3 src/data/make_dataset.py /data/raw
    deps:
    - path: ./data/raw
      hash: md5
      md5: 775bd993f722629b752d2bdee167a7a2.dir
      size: 271383386
      nfiles: 3
    - path: src/data/make_dataset.py
      hash: md5
      md5: cff458d00857ae7b89906079b523d0e2
      size: 1358
  train_model:
    cmd: python3 src/models/train_model.py /data/processed
    deps:
    - path: ./data/processed
      hash: md5
      md5: 29f94c4056fa5d32d73e008ce6be1763.dir
      size: 288924242
      nfiles: 3
    - path: src/models/train_model.py
      hash: md5
      md5: be3755b51e30d279cad8dbf198ba6496
      size: 4541
  push_model:
    cmd: python3 src/models/push_model.py
    deps:
    - path: src/models/push_model.py
      hash: md5
      md5: 001ff5a7cb35ad2f0862da4f6c79a298
      size: 1066
